
Microsoft Visual Studio Solution File, Format Version 12.00
# Visual Studio Version 17
VisualStudioVersion = 17.3.32819.101
MinimumVisualStudioVersion = 10.0.40219.1
Project("{FAE04EC0-301F-11D3-BF4B-00C04F79EFBC}") = "SquareLibrary", "SquareLibrary\SquareLibrary.csproj", "{A6F6B1D6-9ACB-497E-8A79-238FB5E202CF}"
EndProject
Project("{FAE04EC0-301F-11D3-BF4B-00C04F79EFBC}") = "SquareLibrary.Tests", "SquareLibrary.Tests\SquareLibrary.Tests.csproj", "{2A9CAB7B-0825-4B81-AB4D-5FDE1E03CB39}"
EndProject
Global
	GlobalSection(SolutionConfigurationPlatforms) = preSolution
		Debug|Any CPU = Debug|Any CPU
		Release|Any CPU = Release|Any CPU
	EndGlobalSection
	GlobalSection(ProjectConfigurationPlatforms) = postSolution
		{A6F6B1D6-9ACB-497E-8A79-238FB5E202CF}.Debug|Any CPU.ActiveCfg = Debug|Any CPU
		{A6F6B1D6-9ACB-497E-8A79-238FB5E202CF}.Debug|Any CPU.Build.0 = Debug|Any CPU
		{A6F6B1D6-9ACB-497E-8A79-238FB5E202CF}.Release|Any CPU.ActiveCfg = Release|Any CPU
		{A6F6B1D6-9ACB-497E-8A79-238FB5E202CF}.Release|Any CPU.Build.0 = Release|Any CPU
		{2A9CAB7B-0825-4B81-AB4D-5FDE1E03CB39}.Debug|Any CPU.ActiveCfg = Debug|Any CPU
		{2A9CAB7B-0825-4B81-AB4D-5FDE1E03CB39}.Debug|Any CPU.Build.0 = Debug|Any CPU
		{2A9CAB7B-0825-4B81-AB4D-5FDE1E03CB39}.Release|Any CPU.ActiveCfg = Release|Any CPU
		{2A9CAB7B-0825-4B81-AB4D-5FDE1E03CB39}.Release|Any CPU.Build.0 = Release|Any CPU
	EndGlobalSection
	GlobalSection(SolutionProperties) = preSolution
		HideSolutionNode = FALSE
	EndGlobalSection
	GlobalSection(ExtensibilityGlobals) = postSolution
		SolutionGuid = {582B8070-73D5-46AD-8930-9FE30DA87855}
	EndGlobalSection
EndGlobal
